
Microsoft Visual Studio Solution File, Format Version 12.00
# Visual Studio 15
VisualStudioVersion = 15.0.28307.106
MinimumVisualStudioVersion = 10.0.40219.1
Project("{FAE04EC0-301F-11D3-BF4B-00C04F79EFBC}") = "курсовая2", "курсовая2\курсовая2.csproj", "{2A3B34AF-AE21-44FC-B479-9932DDA78FCF}"
EndProject
Global
	GlobalSection(SolutionConfigurationPlatforms) = preSolution
		Debug|Any CPU = Debug|Any CPU
		Release|Any CPU = Release|Any CPU
	EndGlobalSection
	GlobalSection(ProjectConfigurationPlatforms) = postSolution
		{2A3B34AF-AE21-44FC-B479-9932DDA78FCF}.Debug|Any CPU.ActiveCfg = Debug|Any CPU
		{2A3B34AF-AE21-44FC-B479-9932DDA78FCF}.Debug|Any CPU.Build.0 = Debug|Any CPU
		{2A3B34AF-AE21-44FC-B479-9932DDA78FCF}.Release|Any CPU.ActiveCfg = Release|Any CPU
		{2A3B34AF-AE21-44FC-B479-9932DDA78FCF}.Release|Any CPU.Build.0 = Release|Any CPU
	EndGlobalSection
	GlobalSection(SolutionProperties) = preSolution
		HideSolutionNode = FALSE
	EndGlobalSection
	GlobalSection(ExtensibilityGlobals) = postSolution
		SolutionGuid = {D38CF90C-3810-4F21-A4FA-81905BC130D8}
	EndGlobalSection
EndGlobal
